{
  "originHash" : "9dd38f857db7479f1816015771b37a83ed7849590400ca2677a9c5f1b5014407",
  "pins" : [
    {
      "identity" : "meta-wearables-dat-ios",
      "kind" : "remoteSourceControl",
      "location" : "https://github.com/facebook/meta-wearables-dat-ios",
      "state" : {
        "revision" : "ad88298bc66dfb8a255983c55305a76fe7def2d1",
        "version" : "0.3.0"
      }
    }
  ],
  "version" : 3
}
